{
  "requires": true,
  "lockfileVersion": 1,
  "dependencies": {
    "react-world-map": {
      "version": "2.0.0",
      "resolved": "https://registry.npmjs.org/react-world-map/-/react-world-map-2.0.0.tgz",
      "integrity": "sha512-70Q7yqZOw/sBxpa9d6Ff8zuo0lt/nH5oIOenIy9us6VxoXxeZ6mouPysZH2TGqnD+1mr0uNWAKUyVTKToXqYnw=="
    }
  }
}
